{
  "version": 4,
  "terraform_version": "1.11.3",
  "serial": 8,
  "lineage": "d8138a1e-92ef-f11c-3c2b-16ad2b99d6f3",
  "outputs": {
    "bq_dataset": {
      "value": "analytics_dataset",
      "type": "string"
    },
    "bucket_name": {
      "value": "onpremtocloud-raw-data",
      "type": "string"
    },
    "vm_ip": {
      "value": "35.226.0.54",
      "type": "string"
    }
  },
  "resources": [
    {
      "mode": "managed",
      "type": "google_bigquery_dataset",
      "name": "analytics",
      "provider": "provider[\"registry.terraform.io/hashicorp/google\"]",
      "instances": [
        {
          "schema_version": 0,
          "attributes": {
            "access": [
              {
                "condition": [],
                "dataset": [],
                "domain": "",
                "group_by_email": "",
                "iam_member": "",
                "role": "OWNER",
                "routine": [],
                "special_group": "",
                "user_by_email": "oyetayoadedamola@gmail.com",
                "view": []
              },
              {
                "condition": [],
                "dataset": [],
                "domain": "",
                "group_by_email": "",
                "iam_member": "",
                "role": "OWNER",
                "routine": [],
                "special_group": "projectOwners",
                "user_by_email": "",
                "view": []
              },
              {
                "condition": [],
                "dataset": [],
                "domain": "",
                "group_by_email": "",
                "iam_member": "",
                "role": "READER",
                "routine": [],
                "special_group": "projectReaders",
                "user_by_email": "",
                "view": []
              },
              {
                "condition": [],
                "dataset": [],
                "domain": "",
                "group_by_email": "",
                "iam_member": "",
                "role": "WRITER",
                "routine": [],
                "special_group": "projectWriters",
                "user_by_email": "",
                "view": []
              }
            ],
            "creation_time": 1744159547030,
            "dataset_id": "analytics_dataset",
            "default_collation": "",
            "default_encryption_configuration": [],
            "default_partition_expiration_ms": 0,
            "default_table_expiration_ms": 0,
            "delete_contents_on_destroy": true,
            "description": "",
            "effective_labels": {
              "goog-terraform-provisioned": "true"
            },
            "etag": "ZKOJLnUpCLCM/Y4qyC4asQ==",
            "external_dataset_reference": [],
            "friendly_name": "",
            "id": "projects/onpremtocloud/datasets/analytics_dataset",
            "is_case_insensitive": false,
            "labels": null,
            "last_modified_time": 1744159547030,
            "location": "us-central1",
            "max_time_travel_hours": "168",
            "project": "onpremtocloud",
            "resource_tags": null,
            "self_link": "https://bigquery.googleapis.com/bigquery/v2/projects/onpremtocloud/datasets/analytics_dataset",
            "storage_billing_model": "",
            "terraform_labels": {
              "goog-terraform-provisioned": "true"
            },
            "timeouts": null
          },
          "sensitive_attributes": [],
          "private": "eyJlMmJmYjczMC1lY2FhLTExZTYtOGY4OC0zNDM2M2JjN2M0YzAiOnsiY3JlYXRlIjoxMjAwMDAwMDAwMDAwLCJkZWxldGUiOjEyMDAwMDAwMDAwMDAsInVwZGF0ZSI6MTIwMDAwMDAwMDAwMH19"
        }
      ]
    },
    {
      "mode": "managed",
      "type": "google_compute_instance",
      "name": "airflow_vm",
      "provider": "provider[\"registry.terraform.io/hashicorp/google\"]",
      "instances": [
        {
          "schema_version": 6,
          "attributes": {
            "advanced_machine_features": [],
            "allow_stopping_for_update": null,
            "attached_disk": [],
            "boot_disk": [
              {
                "auto_delete": true,
                "device_name": "persistent-disk-0",
                "disk_encryption_key_raw": "",
                "disk_encryption_key_rsa": "",
                "disk_encryption_key_sha256": "",
                "disk_encryption_service_account": "",
                "guest_os_features": [
                  "UEFI_COMPATIBLE",
                  "VIRTIO_SCSI_MULTIQUEUE",
                  "GVNIC"
                ],
                "initialize_params": [
                  {
                    "architecture": "X86_64",
                    "enable_confidential_compute": false,
                    "image": "https://www.googleapis.com/compute/v1/projects/debian-cloud/global/images/debian-11-bullseye-v20250311",
                    "labels": {},
                    "provisioned_iops": 0,
                    "provisioned_throughput": 0,
                    "resource_manager_tags": null,
                    "resource_policies": [],
                    "size": 10,
                    "snapshot": "",
                    "source_image_encryption_key": [],
                    "source_snapshot_encryption_key": [],
                    "storage_pool": "",
                    "type": "pd-standard"
                  }
                ],
                "interface": "",
                "kms_key_self_link": "",
                "mode": "READ_WRITE",
                "source": "https://www.googleapis.com/compute/v1/projects/onpremtocloud/zones/us-central1-a/disks/airflow-vm"
              }
            ],
            "can_ip_forward": false,
            "confidential_instance_config": [],
            "cpu_platform": "Intel Broadwell",
            "creation_timestamp": "2025-04-08T17:46:06.578-07:00",
            "current_status": "RUNNING",
            "deletion_protection": false,
            "description": "",
            "desired_status": null,
            "effective_labels": {
              "goog-terraform-provisioned": "true"
            },
            "enable_display": false,
            "guest_accelerator": [],
            "hostname": "",
            "id": "projects/onpremtocloud/zones/us-central1-a/instances/airflow-vm",
            "instance_encryption_key": [],
            "instance_id": "985974346509483427",
            "key_revocation_action_type": "",
            "label_fingerprint": "vezUS-42LLM=",
            "labels": null,
            "machine_type": "e2-medium",
            "metadata": null,
            "metadata_fingerprint": "KtJIOJQasgI=",
            "metadata_startup_script": "#!/bin/bash\n\n# Log output for debugging\nexec \u003e /var/log/startup-script.log 2\u003e\u00261\nset -e\n\necho \"🔧 Updating system...\"\napt-get update \u0026\u0026 apt-get upgrade -y\n\necho \"🐍 Installing Python 3 and pip...\"\napt-get install -y python3 python3-pip python3-venv\n\necho \"🔧 Installing system dependencies...\"\napt-get install -y build-essential libssl-dev libffi-dev libpq-dev git\n\necho \"📦 Creating Airflow virtual environment...\"\npython3 -m venv /opt/airflow_venv\nsource /opt/airflow_venv/bin/activate\n\necho \"🌬️ Installing Apache Airflow...\"\nAIRFLOW_VERSION=2.8.1\nPYTHON_VERSION=\"$(python3 --version | cut -d ' ' -f2 | cut -d '.' -f1-2)\"\nCONSTRAINT_URL=\"https://raw.githubusercontent.com/apache/airflow/constraints-${AIRFLOW_VERSION}/constraints-${PYTHON_VERSION}.txt\"\n\npip install --upgrade pip setuptools wheel\npip install apache-airflow==${AIRFLOW_VERSION} --constraint \"${CONSTRAINT_URL}\"\n\necho \"📁 Setting up Airflow folders...\"\nmkdir -p /opt/airflow/{dags,logs,plugins}\nexport AIRFLOW_HOME=/opt/airflow\n\necho \"🌬️ Initializing Airflow...\"\nairflow db init\nairflow users create --username admin --firstname Admin --lastname User --role Admin --email admin@example.com --password admin\n\n# Optional: Launch Airflow webserver and scheduler in background\necho \"🚀 Starting Airflow services...\"\nairflow webserver -p 8080 \u0026  # Web UI\nairflow scheduler \u0026          # DAG scheduler\n\necho \"⚙️ Installing dbt + BigQuery adapter...\"\npip install dbt-core dbt-bigquery\n\necho \"☁️ Installing Google Cloud SDK...\"\napt-get install -y apt-transport-https ca-certificates gnupg curl\necho \"deb [signed-by=/usr/share/keyrings/cloud.google.gpg] http://packages.cloud.google.com/apt cloud-sdk main\" | tee -a /etc/apt/sources.list.d/google-cloud-sdk.list\ncurl https://packages.cloud.google.com/apt/doc/apt-key.gpg | apt-key --keyring /usr/share/keyrings/cloud.google.gpg add -\napt-get update \u0026\u0026 apt-get install -y google-cloud-sdk\n\necho \"✅ Setup complete!\"\n",
            "min_cpu_platform": "",
            "name": "airflow-vm",
            "network_interface": [
              {
                "access_config": [
                  {
                    "nat_ip": "35.226.0.54",
                    "network_tier": "PREMIUM",
                    "public_ptr_domain_name": ""
                  }
                ],
                "alias_ip_range": [],
                "internal_ipv6_prefix_length": 0,
                "ipv6_access_config": [],
                "ipv6_access_type": "",
                "ipv6_address": "",
                "name": "nic0",
                "network": "https://www.googleapis.com/compute/v1/projects/onpremtocloud/global/networks/default",
                "network_attachment": "",
                "network_ip": "10.128.0.2",
                "nic_type": "",
                "queue_count": 0,
                "stack_type": "IPV4_ONLY",
                "subnetwork": "https://www.googleapis.com/compute/v1/projects/onpremtocloud/regions/us-central1/subnetworks/default",
                "subnetwork_project": "onpremtocloud"
              }
            ],
            "network_performance_config": [],
            "params": [],
            "project": "onpremtocloud",
            "reservation_affinity": [],
            "resource_policies": null,
            "scheduling": [
              {
                "automatic_restart": true,
                "availability_domain": 0,
                "instance_termination_action": "",
                "local_ssd_recovery_timeout": [],
                "max_run_duration": [],
                "min_node_cpus": 0,
                "node_affinities": [],
                "on_host_maintenance": "MIGRATE",
                "on_instance_stop_action": [],
                "preemptible": false,
                "provisioning_model": "STANDARD",
                "termination_time": ""
              }
            ],
            "scratch_disk": [],
            "self_link": "https://www.googleapis.com/compute/v1/projects/onpremtocloud/zones/us-central1-a/instances/airflow-vm",
            "service_account": [
              {
                "email": "data-pipeline-sa@onpremtocloud.iam.gserviceaccount.com",
                "scopes": [
                  "https://www.googleapis.com/auth/cloud-platform"
                ]
              }
            ],
            "shielded_instance_config": [
              {
                "enable_integrity_monitoring": true,
                "enable_secure_boot": false,
                "enable_vtpm": true
              }
            ],
            "tags": null,
            "tags_fingerprint": "42WmSpB8rSM=",
            "terraform_labels": {
              "goog-terraform-provisioned": "true"
            },
            "timeouts": null,
            "zone": "us-central1-a"
          },
          "sensitive_attributes": [
            [
              {
                "type": "get_attr",
                "value": "boot_disk"
              },
              {
                "type": "index",
                "value": {
                  "value": 0,
                  "type": "number"
                }
              },
              {
                "type": "get_attr",
                "value": "disk_encryption_key_raw"
              }
            ],
            [
              {
                "type": "get_attr",
                "value": "boot_disk"
              },
              {
                "type": "index",
                "value": {
                  "value": 0,
                  "type": "number"
                }
              },
              {
                "type": "get_attr",
                "value": "disk_encryption_key_rsa"
              }
            ]
          ],
          "private": "eyJlMmJmYjczMC1lY2FhLTExZTYtOGY4OC0zNDM2M2JjN2M0YzAiOnsiY3JlYXRlIjoxMjAwMDAwMDAwMDAwLCJkZWxldGUiOjEyMDAwMDAwMDAwMDAsInVwZGF0ZSI6MTIwMDAwMDAwMDAwMH0sInNjaGVtYV92ZXJzaW9uIjoiNiJ9",
          "dependencies": [
            "google_service_account.pipeline_sa"
          ]
        }
      ]
    },
    {
      "mode": "managed",
      "type": "google_project_iam_member",
      "name": "sa_bigquery_access",
      "provider": "provider[\"registry.terraform.io/hashicorp/google\"]",
      "instances": [
        {
          "schema_version": 0,
          "attributes": {
            "condition": [],
            "etag": "BwYyTct7g2s=",
            "id": "onpremtocloud/roles/bigquery.admin/serviceAccount:data-pipeline-sa@onpremtocloud.iam.gserviceaccount.com",
            "member": "serviceAccount:data-pipeline-sa@onpremtocloud.iam.gserviceaccount.com",
            "project": "onpremtocloud",
            "role": "roles/bigquery.admin"
          },
          "sensitive_attributes": [],
          "private": "bnVsbA==",
          "dependencies": [
            "google_service_account.pipeline_sa"
          ]
        }
      ]
    },
    {
      "mode": "managed",
      "type": "google_project_iam_member",
      "name": "sa_storage_access",
      "provider": "provider[\"registry.terraform.io/hashicorp/google\"]",
      "instances": [
        {
          "schema_version": 0,
          "attributes": {
            "condition": [],
            "etag": "BwYyTct7g2s=",
            "id": "onpremtocloud/roles/storage.admin/serviceAccount:data-pipeline-sa@onpremtocloud.iam.gserviceaccount.com",
            "member": "serviceAccount:data-pipeline-sa@onpremtocloud.iam.gserviceaccount.com",
            "project": "onpremtocloud",
            "role": "roles/storage.admin"
          },
          "sensitive_attributes": [],
          "private": "bnVsbA==",
          "dependencies": [
            "google_service_account.pipeline_sa"
          ]
        }
      ]
    },
    {
      "mode": "managed",
      "type": "google_service_account",
      "name": "pipeline_sa",
      "provider": "provider[\"registry.terraform.io/hashicorp/google\"]",
      "instances": [
        {
          "schema_version": 0,
          "attributes": {
            "account_id": "data-pipeline-sa",
            "create_ignore_already_exists": null,
            "description": "",
            "disabled": false,
            "display_name": "Data Pipeline Service Account",
            "email": "data-pipeline-sa@onpremtocloud.iam.gserviceaccount.com",
            "id": "projects/onpremtocloud/serviceAccounts/data-pipeline-sa@onpremtocloud.iam.gserviceaccount.com",
            "member": "serviceAccount:data-pipeline-sa@onpremtocloud.iam.gserviceaccount.com",
            "name": "projects/onpremtocloud/serviceAccounts/data-pipeline-sa@onpremtocloud.iam.gserviceaccount.com",
            "project": "onpremtocloud",
            "timeouts": null,
            "unique_id": "111998416278121530409"
          },
          "sensitive_attributes": [],
          "private": "eyJlMmJmYjczMC1lY2FhLTExZTYtOGY4OC0zNDM2M2JjN2M0YzAiOnsiY3JlYXRlIjozMDAwMDAwMDAwMDB9fQ=="
        }
      ]
    },
    {
      "mode": "managed",
      "type": "google_storage_bucket",
      "name": "raw_data",
      "provider": "provider[\"registry.terraform.io/hashicorp/google\"]",
      "instances": [
        {
          "schema_version": 3,
          "attributes": {
            "autoclass": [],
            "cors": [],
            "custom_placement_config": [],
            "default_event_based_hold": false,
            "effective_labels": {
              "goog-terraform-provisioned": "true"
            },
            "enable_object_retention": false,
            "encryption": [],
            "force_destroy": true,
            "hierarchical_namespace": [
              {
                "enabled": false
              }
            ],
            "id": "onpremtocloud-raw-data",
            "labels": null,
            "lifecycle_rule": [],
            "location": "US-CENTRAL1",
            "logging": [],
            "name": "onpremtocloud-raw-data",
            "project": "onpremtocloud",
            "project_number": 120540877465,
            "public_access_prevention": "inherited",
            "requester_pays": false,
            "retention_policy": [],
            "rpo": null,
            "self_link": "https://www.googleapis.com/storage/v1/b/onpremtocloud-raw-data",
            "soft_delete_policy": [
              {
                "effective_time": "2025-04-09T00:45:47.072Z",
                "retention_duration_seconds": 604800
              }
            ],
            "storage_class": "STANDARD",
            "terraform_labels": {
              "goog-terraform-provisioned": "true"
            },
            "timeouts": null,
            "uniform_bucket_level_access": true,
            "url": "gs://onpremtocloud-raw-data",
            "versioning": [],
            "website": []
          },
          "sensitive_attributes": [],
          "private": "eyJlMmJmYjczMC1lY2FhLTExZTYtOGY4OC0zNDM2M2JjN2M0YzAiOnsiY3JlYXRlIjo2MDAwMDAwMDAwMDAsInJlYWQiOjI0MDAwMDAwMDAwMCwidXBkYXRlIjoyNDAwMDAwMDAwMDB9LCJzY2hlbWFfdmVyc2lvbiI6IjMifQ=="
        }
      ]
    }
  ],
  "check_results": null
}
